
Microsoft Visual Studio Solution File, Format Version 15.00
# Visual Studio 2017
Project("{FAE04EC0-301F-11D3-BF4B-00C04F79EFBC}") = "mymvc", "mymvc.csproj", "{2026F5EE-0518-4EB3-BACB-F1D00717E6DB}"
EndProject
Global
	GlobalSection(SolutionConfigurationPlatforms) = preSolution
		Debug|Any CPU = Debug|Any CPU
		Release|Any CPU = Release|Any CPU
	EndGlobalSection
	GlobalSection(ProjectConfigurationPlatforms) = postSolution
		{2026F5EE-0518-4EB3-BACB-F1D00717E6DB}.Debug|Any CPU.ActiveCfg = Debug|Any CPU
		{2026F5EE-0518-4EB3-BACB-F1D00717E6DB}.Debug|Any CPU.Build.0 = Debug|Any CPU
		{2026F5EE-0518-4EB3-BACB-F1D00717E6DB}.Release|Any CPU.ActiveCfg = Release|Any CPU
		{2026F5EE-0518-4EB3-BACB-F1D00717E6DB}.Release|Any CPU.Build.0 = Release|Any CPU
	EndGlobalSection
EndGlobal
